
Microsoft Visual Studio Solution File, Format Version 12.00
# Visual Studio 15
VisualStudioVersion = 15.0.28307.438
MinimumVisualStudioVersion = 10.0.40219.1
Project("{FAE04EC0-301F-11D3-BF4B-00C04F79EFBC}") = "PMS", "PMS\PMS.csproj", "{8C1AB8B5-402A-4E88-877C-344BD6AB2897}"
EndProject
Global
	GlobalSection(SolutionConfigurationPlatforms) = preSolution
		Debug|Any CPU = Debug|Any CPU
		Release|Any CPU = Release|Any CPU
	EndGlobalSection
	GlobalSection(ProjectConfigurationPlatforms) = postSolution
		{8C1AB8B5-402A-4E88-877C-344BD6AB2897}.Debug|Any CPU.ActiveCfg = Debug|Any CPU
		{8C1AB8B5-402A-4E88-877C-344BD6AB2897}.Debug|Any CPU.Build.0 = Debug|Any CPU
		{8C1AB8B5-402A-4E88-877C-344BD6AB2897}.Release|Any CPU.ActiveCfg = Release|Any CPU
		{8C1AB8B5-402A-4E88-877C-344BD6AB2897}.Release|Any CPU.Build.0 = Release|Any CPU
	EndGlobalSection
	GlobalSection(SolutionProperties) = preSolution
		HideSolutionNode = FALSE
	EndGlobalSection
	GlobalSection(ExtensibilityGlobals) = postSolution
		SolutionGuid = {AD4DA957-F0CC-4CB1-B1F6-82AE7F01D147}
	EndGlobalSection
EndGlobal
